
Microsoft Visual Studio Solution File, Format Version 12.00
# Visual Studio 15
VisualStudioVersion = 15.0.26403.7
MinimumVisualStudioVersion = 10.0.40219.1
Project("{FAE04EC0-301F-11D3-BF4B-00C04F79EFBC}") = "shadash.ui", "shadash.ui\shadash.ui.csproj", "{3C0B59D4-1669-460E-8CFF-E139E22ECF9E}"
EndProject
Project("{FAE04EC0-301F-11D3-BF4B-00C04F79EFBC}") = "shadash.host", "shadash.host\shadash.host.csproj", "{4C0E6BD2-8C88-47C0-AA86-95A7755CC698}"
EndProject
Global
	GlobalSection(SolutionConfigurationPlatforms) = preSolution
		Debug|Any CPU = Debug|Any CPU
		Release|Any CPU = Release|Any CPU
	EndGlobalSection
	GlobalSection(ProjectConfigurationPlatforms) = postSolution
		{3C0B59D4-1669-460E-8CFF-E139E22ECF9E}.Debug|Any CPU.ActiveCfg = Debug|Any CPU
		{3C0B59D4-1669-460E-8CFF-E139E22ECF9E}.Debug|Any CPU.Build.0 = Debug|Any CPU
		{3C0B59D4-1669-460E-8CFF-E139E22ECF9E}.Release|Any CPU.ActiveCfg = Release|Any CPU
		{3C0B59D4-1669-460E-8CFF-E139E22ECF9E}.Release|Any CPU.Build.0 = Release|Any CPU
		{4C0E6BD2-8C88-47C0-AA86-95A7755CC698}.Debug|Any CPU.ActiveCfg = Debug|Any CPU
		{4C0E6BD2-8C88-47C0-AA86-95A7755CC698}.Debug|Any CPU.Build.0 = Debug|Any CPU
		{4C0E6BD2-8C88-47C0-AA86-95A7755CC698}.Release|Any CPU.ActiveCfg = Release|Any CPU
		{4C0E6BD2-8C88-47C0-AA86-95A7755CC698}.Release|Any CPU.Build.0 = Release|Any CPU
	EndGlobalSection
	GlobalSection(SolutionProperties) = preSolution
		HideSolutionNode = FALSE
	EndGlobalSection
EndGlobal
